
Microsoft Visual Studio Solution File, Format Version 12.00
# Visual Studio Version 17
VisualStudioVersion = 17.0.32014.148
MinimumVisualStudioVersion = 10.0.40219.1
Project("{FAE04EC0-301F-11D3-BF4B-00C04F79EFBC}") = "kiranProject", "kiranProject\kiranProject.csproj", "{C137FA69-4FAE-4DDC-90B3-0AB1D034CCFF}"
EndProject
Global
	GlobalSection(SolutionConfigurationPlatforms) = preSolution
		Debug|Any CPU = Debug|Any CPU
		Release|Any CPU = Release|Any CPU
	EndGlobalSection
	GlobalSection(ProjectConfigurationPlatforms) = postSolution
		{C137FA69-4FAE-4DDC-90B3-0AB1D034CCFF}.Debug|Any CPU.ActiveCfg = Debug|Any CPU
		{C137FA69-4FAE-4DDC-90B3-0AB1D034CCFF}.Debug|Any CPU.Build.0 = Debug|Any CPU
		{C137FA69-4FAE-4DDC-90B3-0AB1D034CCFF}.Release|Any CPU.ActiveCfg = Release|Any CPU
		{C137FA69-4FAE-4DDC-90B3-0AB1D034CCFF}.Release|Any CPU.Build.0 = Release|Any CPU
	EndGlobalSection
	GlobalSection(SolutionProperties) = preSolution
		HideSolutionNode = FALSE
	EndGlobalSection
	GlobalSection(ExtensibilityGlobals) = postSolution
		SolutionGuid = {4AFAB1D6-52CC-498E-86FB-DB93034A5800}
	EndGlobalSection
EndGlobal
